# This file is automatically @generated by Cargo.
# It is not intended for manual editing.
version = 4

[[package]]
name = "fake-query-engine"
version = "0.0.0"

[[package]]
name = "leaky-sql"
version = "0.0.0"
dependencies = [
 "fake-query-engine",
]

[[package]]
name = "sealed-sql"
version = "0.0.0"
dependencies = [
 "fake-query-engine",
]
